{
  "name": "mnee-tests",
  "version": "1.0.0",
  "lockfileVersion": 3,
  "requires": true,
  "packages": {
    "": {
      "name": "mnee-tests",
      "version": "1.0.0",
      "dependencies": {
        "mnee": "file:versions/qa-mnee-0.0.3.tgz"
      },
      "engines": {
        "node": ">=16.14.0"
      }
    },
    "node_modules/@bsv/sdk": {
      "version": "1.6.19",
      "license": "SEE LICENSE IN LICENSE.txt"
    },
    "node_modules/@noble/hashes": {
      "version": "1.8.0",
      "license": "MIT",
      "engines": {
        "node": "^14.21.3 || >=16"
      },
      "funding": {
        "url": "https://paulmillr.com/funding/"
      }
    },
    "node_modules/bip39": {
      "version": "3.1.0",
      "license": "ISC",
      "dependencies": {
        "@noble/hashes": "^1.2.0"
      }
    },
    "node_modules/mnee": {
      "version": "2.2.0",
      "resolved": "file:versions/qa-mnee-0.0.3.tgz",
      "integrity": "sha512-iuPwZ+ZxGmYFxTHazA/w0ELcCurHuaI1p9WIVG6Wqur38LrtxT+x8YKc9jjqy5dYgD7oQaEw40/WApTalXKLUg==",
      "license": "MIT",
      "dependencies": {
        "@bsv/sdk": "^1.3.30",
        "bip39": "^3.1.0"
      }
    }
  }
}
