{
  "name": "mnee-tests",
  "version": "1.0.0",
  "lockfileVersion": 3,
  "requires": true,
  "packages": {
    "": {
      "name": "mnee-tests",
      "version": "1.0.0",
      "dependencies": {
        "mnee": "file:./versions/qa-mnee-0.0.1.tgz"
      },
      "engines": {
        "node": ">=16.14.0"
      }
    },
    "node_modules/@bsv/sdk": {
      "version": "1.6.16",
      "resolved": "https://registry.npmjs.org/@bsv/sdk/-/sdk-1.6.16.tgz",
      "integrity": "sha512-uDYYFeN9gJmj/Mb8DEaeGJ4lY4WLRer1sDAItIDRZMeTdA+aIQbxd7nKteFlC05siXYmoQHQV8qvTTxEx75aXg==",
      "license": "SEE LICENSE IN LICENSE.txt"
    },
    "node_modules/@noble/hashes": {
      "version": "1.8.0",
      "resolved": "https://registry.npmjs.org/@noble/hashes/-/hashes-1.8.0.tgz",
      "integrity": "sha512-jCs9ldd7NwzpgXDIf6P3+NrHh9/sD6CQdxHyjQI+h/6rDNo88ypBxxz45UDuZHz9r3tNz7N/VInSVoVdtXEI4A==",
      "license": "MIT",
      "engines": {
        "node": "^14.21.3 || >=16"
      },
      "funding": {
        "url": "https://paulmillr.com/funding/"
      }
    },
    "node_modules/bip39": {
      "version": "3.1.0",
      "resolved": "https://registry.npmjs.org/bip39/-/bip39-3.1.0.tgz",
      "integrity": "sha512-c9kiwdk45Do5GL0vJMe7tS95VjCii65mYAH7DfWl3uW8AVzXKQVUm64i3hzVybBDMp9r7j9iNxR85+ul8MdN/A==",
      "license": "ISC",
      "dependencies": {
        "@noble/hashes": "^1.2.0"
      }
    },
    "node_modules/image-meta": {
      "version": "0.2.1",
      "resolved": "https://registry.npmjs.org/image-meta/-/image-meta-0.2.1.tgz",
      "integrity": "sha512-K6acvFaelNxx8wc2VjbIzXKDVB0Khs0QT35U6NkGfTdCmjLNcO2945m7RFNR9/RPVFm48hq7QPzK8uGH18HCGw==",
      "license": "MIT"
    },
    "node_modules/js-1sat-ord": {
      "version": "0.1.82",
      "resolved": "https://registry.npmjs.org/js-1sat-ord/-/js-1sat-ord-0.1.82.tgz",
      "integrity": "sha512-T7v+3fgCJEpB487d7ffBbwrO6yvSHt7Uix0knri8+ja4lAPt8YuEIwxj0oooo6bqqQr4hyOVhpZUpM8VYzyRvg==",
      "license": "MIT",
      "dependencies": {
        "image-meta": "^0.2.1",
        "satoshi-token": "^0.0.4",
        "sigma-protocol": "^0.1.6"
      },
      "peerDependencies": {
        "@bsv/sdk": "^1.1.23"
      }
    },
    "node_modules/mnee": {
      "version": "2.2.0",
      "resolved": "file:versions/qa-mnee-0.0.1.tgz",
      "integrity": "sha512-VoS5ogroMefpnWOHRBRfS7Y9P5P5tyGI3d295MKXuLv5104vPx/m3JaveyubH86YxcPTinNJomrIQR/IW7tQWA==",
      "license": "MIT",
      "dependencies": {
        "@bsv/sdk": "^1.3.30",
        "bip39": "^3.1.0",
        "js-1sat-ord": "^0.1.80"
      }
    },
    "node_modules/satoshi-token": {
      "version": "0.0.4",
      "resolved": "https://registry.npmjs.org/satoshi-token/-/satoshi-token-0.0.4.tgz",
      "integrity": "sha512-chK1+M3DWiHOUg6L7ON9joetIJQmAwk5yHcm/mrhUFfdUfsVpo9hIPSCWozAxfr2E7Lao1azt1a1NwCLoc7ZWw==",
      "license": "MIT",
      "peerDependencies": {
        "typescript": "^5.5.4"
      }
    },
    "node_modules/sigma-protocol": {
      "version": "0.1.6",
      "resolved": "https://registry.npmjs.org/sigma-protocol/-/sigma-protocol-0.1.6.tgz",
      "integrity": "sha512-0j/sqFRx4ZAuNwDxbERLwQL3IFide7vuEMNkIcynd2U1xJr347nKMEiozbCicIjDpuDSahuGgIuU6BYD8oGc5A==",
      "license": "MIT",
      "peerDependencies": {
        "@bsv/sdk": "^1.1.23"
      }
    },
    "node_modules/typescript": {
      "version": "5.8.3",
      "resolved": "https://registry.npmjs.org/typescript/-/typescript-5.8.3.tgz",
      "integrity": "sha512-p1diW6TqL9L07nNxvRMM7hMMw4c5XOo/1ibL4aAIGmSAt9slTE1Xgw5KWuof2uTOvCg9BY7ZRi+GaF+7sfgPeQ==",
      "license": "Apache-2.0",
      "peer": true,
      "bin": {
        "tsc": "bin/tsc",
        "tsserver": "bin/tsserver"
      },
      "engines": {
        "node": ">=14.17"
      }
    }
  }
}
